// !$*UTF8*$!
{
	archiveVersion = 1;
	classes = {
	};
	objectVersion = 50;
	objects = {

/* Begin PBXBuildFile section */
		AF2A7E12259EAA3D00FAFE02 /* Kaleidoscope.metal in Sources */ = {isa = PBXBuildFile; fileRef = AF2A7E11259EAA3D00FAFE02 /* Kaleidoscope.metal */; };
		AF2A7E17259EAA5000FAFE02 /* PassThroughMetal.metal in Sources */ = {isa = PBXBuildFile; fileRef = AF2A7E16259EAA5000FAFE02 /* PassThroughMetal.metal */; };
		AF2A7E20259F78B600FAFE02 /* Kaleidoscope2.metal in Sources */ = {isa = PBXBuildFile; fileRef = AF2A7E1F259F78B600FAFE02 /* Kaleidoscope2.metal */; };
		AF2A7E2525A0165900FAFE02 /* LineSegment.swift in Sources */ = {isa = PBXBuildFile; fileRef = AF2A7E2425A0165900FAFE02 /* LineSegment.swift */; };
		AF2A7E3025A0EF1D00FAFE02 /* dot.png in Resources */ = {isa = PBXBuildFile; fileRef = AF2A7E2F25A0EF1D00FAFE02 /* dot.png */; };
		AFC44DFC259E456200226A8F /* AppDelegate.swift in Sources */ = {isa = PBXBuildFile; fileRef = AFC44DFB259E456200226A8F /* AppDelegate.swift */; };
		AFC44DFE259E456200226A8F /* SceneDelegate.swift in Sources */ = {isa = PBXBuildFile; fileRef = AFC44DFD259E456200226A8F /* SceneDelegate.swift */; };
		AFC44E00259E456200226A8F /* ViewController.swift in Sources */ = {isa = PBXBuildFile; fileRef = AFC44DFF259E456200226A8F /* ViewController.swift */; };
		AFC44E03259E456200226A8F /* Main.storyboard in Resources */ = {isa = PBXBuildFile; fileRef = AFC44E01259E456200226A8F /* Main.storyboard */; };
		AFC44E05259E456500226A8F /* Assets.xcassets in Resources */ = {isa = PBXBuildFile; fileRef = AFC44E04259E456500226A8F /* Assets.xcassets */; };
		AFC44E08259E456500226A8F /* LaunchScreen.storyboard in Resources */ = {isa = PBXBuildFile; fileRef = AFC44E06259E456500226A8F /* LaunchScreen.storyboard */; };
		AFC44E13259E456500226A8F /* KaleidoscopeTests.swift in Sources */ = {isa = PBXBuildFile; fileRef = AFC44E12259E456500226A8F /* KaleidoscopeTests.swift */; };
		AFC44E1E259E456500226A8F /* KaleidoscopeUITests.swift in Sources */ = {isa = PBXBuildFile; fileRef = AFC44E1D259E456500226A8F /* KaleidoscopeUITests.swift */; };
		AFC44E2F259E465000226A8F /* CameraViewController.swift in Sources */ = {isa = PBXBuildFile; fileRef = AFC44E2E259E465000226A8F /* CameraViewController.swift */; };
		AFC44E37259E5FFD00226A8F /* PreviewMetalView.swift in Sources */ = {isa = PBXBuildFile; fileRef = AFC44E36259E5FFD00226A8F /* PreviewMetalView.swift */; };
		AFC44E3C259E612E00226A8F /* FilterRenderer.swift in Sources */ = {isa = PBXBuildFile; fileRef = AFC44E3B259E612E00226A8F /* FilterRenderer.swift */; };
		AFC44E5D259EA60D00226A8F /* Kaleidoscope2Renderer.swift in Sources */ = {isa = PBXBuildFile; fileRef = AFC44E5C259EA60D00226A8F /* Kaleidoscope2Renderer.swift */; };
		AFC44E6F259EA6B300226A8F /* KaleidoscopeRenderer.swift in Sources */ = {isa = PBXBuildFile; fileRef = AFC44E6E259EA6B300226A8F /* KaleidoscopeRenderer.swift */; };
/* End PBXBuildFile section */

/* Begin PBXContainerItemProxy section */
		AFC44E0F259E456500226A8F /* PBXContainerItemProxy */ = {
			isa = PBXContainerItemProxy;
			containerPortal = AFC44DF0259E456200226A8F /* Project object */;
			proxyType = 1;
			remoteGlobalIDString = AFC44DF7259E456200226A8F;
			remoteInfo = Kaleidoscope;
		};
		AFC44E1A259E456500226A8F /* PBXContainerItemProxy */ = {
			isa = PBXContainerItemProxy;
			containerPortal = AFC44DF0259E456200226A8F /* Project object */;
			proxyType = 1;
			remoteGlobalIDString = AFC44DF7259E456200226A8F;
			remoteInfo = Kaleidoscope;
		};
/* End PBXContainerItemProxy section */

/* Begin PBXFileReference section */
		AF2A7E11259EAA3D00FAFE02 /* Kaleidoscope.metal */ = {isa = PBXFileReference; fileEncoding = 4; lastKnownFileType = sourcecode.metal; path = Kaleidoscope.metal; sourceTree = "<group>"; };
		AF2A7E16259EAA5000FAFE02 /* PassThroughMetal.metal */ = {isa = PBXFileReference; fileEncoding = 4; lastKnownFileType = sourcecode.metal; path = PassThroughMetal.metal; sourceTree = "<group>"; };
		AF2A7E1F259F78B600FAFE02 /* Kaleidoscope2.metal */ = {isa = PBXFileReference; lastKnownFileType = sourcecode.metal; path = Kaleidoscope2.metal; sourceTree = "<group>"; };
		AF2A7E2425A0165900FAFE02 /* LineSegment.swift */ = {isa = PBXFileReference; lastKnownFileType = sourcecode.swift; path = LineSegment.swift; sourceTree = "<group>"; };
		AF2A7E2F25A0EF1D00FAFE02 /* dot.png */ = {isa = PBXFileReference; lastKnownFileType = image.png; path = dot.png; sourceTree = "<group>"; };
		AFC44DF8259E456200226A8F /* Kaleidoscope.app */ = {isa = PBXFileReference; explicitFileType = wrapper.application; includeInIndex = 0; path = Kaleidoscope.app; sourceTree = BUILT_PRODUCTS_DIR; };
		AFC44DFB259E456200226A8F /* AppDelegate.swift */ = {isa = PBXFileReference; lastKnownFileType = sourcecode.swift; path = AppDelegate.swift; sourceTree = "<group>"; };
		AFC44DFD259E456200226A8F /* SceneDelegate.swift */ = {isa = PBXFileReference; lastKnownFileType = sourcecode.swift; path = SceneDelegate.swift; sourceTree = "<group>"; };
		AFC44DFF259E456200226A8F /* ViewController.swift */ = {isa = PBXFileReference; lastKnownFileType = sourcecode.swift; path = ViewController.swift; sourceTree = "<group>"; };
		AFC44E02259E456200226A8F /* Base */ = {isa = PBXFileReference; lastKnownFileType = file.storyboard; name = Base; path = Base.lproj/Main.storyboard; sourceTree = "<group>"; };
		AFC44E04259E456500226A8F /* Assets.xcassets */ = {isa = PBXFileReference; lastKnownFileType = folder.assetcatalog; path = Assets.xcassets; sourceTree = "<group>"; };
		AFC44E07259E456500226A8F /* Base */ = {isa = PBXFileReference; lastKnownFileType = file.storyboard; name = Base; path = Base.lproj/LaunchScreen.storyboard; sourceTree = "<group>"; };
		AFC44E09259E456500226A8F /* Info.plist */ = {isa = PBXFileReference; lastKnownFileType = text.plist.xml; path = Info.plist; sourceTree = "<group>"; };
		AFC44E0E259E456500226A8F /* KaleidoscopeTests.xctest */ = {isa = PBXFileReference; explicitFileType = wrapper.cfbundle; includeInIndex = 0; path = KaleidoscopeTests.xctest; sourceTree = BUILT_PRODUCTS_DIR; };
		AFC44E12259E456500226A8F /* KaleidoscopeTests.swift */ = {isa = PBXFileReference; lastKnownFileType = sourcecode.swift; path = KaleidoscopeTests.swift; sourceTree = "<group>"; };
		AFC44E14259E456500226A8F /* Info.plist */ = {isa = PBXFileReference; lastKnownFileType = text.plist.xml; path = Info.plist; sourceTree = "<group>"; };
		AFC44E19259E456500226A8F /* KaleidoscopeUITests.xctest */ = {isa = PBXFileReference; explicitFileType = wrapper.cfbundle; includeInIndex = 0; path = KaleidoscopeUITests.xctest; sourceTree = BUILT_PRODUCTS_DIR; };
		AFC44E1D259E456500226A8F /* KaleidoscopeUITests.swift */ = {isa = PBXFileReference; lastKnownFileType = sourcecode.swift; path = KaleidoscopeUITests.swift; sourceTree = "<group>"; };
		AFC44E1F259E456500226A8F /* Info.plist */ = {isa = PBXFileReference; lastKnownFileType = text.plist.xml; path = Info.plist; sourceTree = "<group>"; };
		AFC44E2E259E465000226A8F /* CameraViewController.swift */ = {isa = PBXFileReference; lastKnownFileType = sourcecode.swift; path = CameraViewController.swift; sourceTree = "<group>"; };
		AFC44E36259E5FFD00226A8F /* PreviewMetalView.swift */ = {isa = PBXFileReference; lastKnownFileType = sourcecode.swift; path = PreviewMetalView.swift; sourceTree = "<group>"; };
		AFC44E3B259E612E00226A8F /* FilterRenderer.swift */ = {isa = PBXFileReference; lastKnownFileType = sourcecode.swift; path = FilterRenderer.swift; sourceTree = "<group>"; };
		AFC44E5C259EA60D00226A8F /* Kaleidoscope2Renderer.swift */ = {isa = PBXFileReference; lastKnownFileType = sourcecode.swift; path = Kaleidoscope2Renderer.swift; sourceTree = "<group>"; };
		AFC44E6E259EA6B300226A8F /* KaleidoscopeRenderer.swift */ = {isa = PBXFileReference; fileEncoding = 4; lastKnownFileType = sourcecode.swift; path = KaleidoscopeRenderer.swift; sourceTree = "<group>"; };
/* End PBXFileReference section */

/* Begin PBXFrameworksBuildPhase section */
		AFC44DF5259E456200226A8F /* Frameworks */ = {
			isa = PBXFrameworksBuildPhase;
			buildActionMask = 2147483647;
			files = (
			);
			runOnlyForDeploymentPostprocessing = 0;
		};
		AFC44E0B259E456500226A8F /* Frameworks */ = {
			isa = PBXFrameworksBuildPhase;
			buildActionMask = 2147483647;
			files = (
			);
			runOnlyForDeploymentPostprocessing = 0;
		};
		AFC44E16259E456500226A8F /* Frameworks */ = {
			isa = PBXFrameworksBuildPhase;
			buildActionMask = 2147483647;
			files = (
			);
			runOnlyForDeploymentPostprocessing = 0;
		};
/* End PBXFrameworksBuildPhase section */

/* Begin PBXGroup section */
		AF2A7E1B259EAA5600FAFE02 /* Shaders */ = {
			isa = PBXGroup;
			children = (
				AF2A7E16259EAA5000FAFE02 /* PassThroughMetal.metal */,
				AF2A7E11259EAA3D00FAFE02 /* Kaleidoscope.metal */,
				AF2A7E1F259F78B600FAFE02 /* Kaleidoscope2.metal */,
			);
			path = Shaders;
			sourceTree = "<group>";
		};
		AFC44DEF259E456200226A8F = {
			isa = PBXGroup;
			children = (
				AFC44DFA259E456200226A8F /* Kaleidoscope */,
				AFC44E11259E456500226A8F /* KaleidoscopeTests */,
				AFC44E1C259E456500226A8F /* KaleidoscopeUITests */,
				AFC44DF9259E456200226A8F /* Products */,
			);
			sourceTree = "<group>";
		};
		AFC44DF9259E456200226A8F /* Products */ = {
			isa = PBXGroup;
			children = (
				AFC44DF8259E456200226A8F /* Kaleidoscope.app */,
				AFC44E0E259E456500226A8F /* KaleidoscopeTests.xctest */,
				AFC44E19259E456500226A8F /* KaleidoscopeUITests.xctest */,
			);
			name = Products;
			sourceTree = "<group>";
		};
		AFC44DFA259E456200226A8F /* Kaleidoscope */ = {
			isa = PBXGroup;
			children = (
				AF2A7E1B259EAA5600FAFE02 /* Shaders */,
				AFC44DFB259E456200226A8F /* AppDelegate.swift */,
				AF2A7E2425A0165900FAFE02 /* LineSegment.swift */,
				AFC44E2E259E465000226A8F /* CameraViewController.swift */,
				AFC44E6E259EA6B300226A8F /* KaleidoscopeRenderer.swift */,
				AFC44E5C259EA60D00226A8F /* Kaleidoscope2Renderer.swift */,
				AFC44E3B259E612E00226A8F /* FilterRenderer.swift */,
				AFC44E36259E5FFD00226A8F /* PreviewMetalView.swift */,
				AFC44DFD259E456200226A8F /* SceneDelegate.swift */,
				AFC44DFF259E456200226A8F /* ViewController.swift */,
				AFC44E01259E456200226A8F /* Main.storyboard */,
				AF2A7E2F25A0EF1D00FAFE02 /* dot.png */,
				AFC44E04259E456500226A8F /* Assets.xcassets */,
				AFC44E06259E456500226A8F /* LaunchScreen.storyboard */,
				AFC44E09259E456500226A8F /* Info.plist */,
			);
			path = Kaleidoscope;
			sourceTree = "<group>";
		};
		AFC44E11259E456500226A8F /* KaleidoscopeTests */ = {
			isa = PBXGroup;
			children = (
				AFC44E12259E456500226A8F /* KaleidoscopeTests.swift */,
				AFC44E14259E456500226A8F /* Info.plist */,
			);
			path = KaleidoscopeTests;
			sourceTree = "<group>";
		};
		AFC44E1C259E456500226A8F /* KaleidoscopeUITests */ = {
			isa = PBXGroup;
			children = (
				AFC44E1D259E456500226A8F /* KaleidoscopeUITests.swift */,
				AFC44E1F259E456500226A8F /* Info.plist */,
			);
			path = KaleidoscopeUITests;
			sourceTree = "<group>";
		};
/* End PBXGroup section */

/* Begin PBXNativeTarget section */
		AFC44DF7259E456200226A8F /* Kaleidoscope */ = {
			isa = PBXNativeTarget;
			buildConfigurationList = AFC44E22259E456500226A8F /* Build configuration list for PBXNativeTarget "Kaleidoscope" */;
			buildPhases = (
				AFC44DF4259E456200226A8F /* Sources */,
				AFC44DF5259E456200226A8F /* Frameworks */,
				AFC44DF6259E456200226A8F /* Resources */,
			);
			buildRules = (
			);
			dependencies = (
			);
			name = Kaleidoscope;
			productName = Kaleidoscope;
			productReference = AFC44DF8259E456200226A8F /* Kaleidoscope.app */;
			productType = "com.apple.product-type.application";
		};
		AFC44E0D259E456500226A8F /* KaleidoscopeTests */ = {
			isa = PBXNativeTarget;
			buildConfigurationList = AFC44E25259E456500226A8F /* Build configuration list for PBXNativeTarget "KaleidoscopeTests" */;
			buildPhases = (
				AFC44E0A259E456500226A8F /* Sources */,
				AFC44E0B259E456500226A8F /* Frameworks */,
				AFC44E0C259E456500226A8F /* Resources */,
			);
			buildRules = (
			);
			dependencies = (
				AFC44E10259E456500226A8F /* PBXTargetDependency */,
			);
			name = KaleidoscopeTests;
			productName = KaleidoscopeTests;
			productReference = AFC44E0E259E456500226A8F /* KaleidoscopeTests.xctest */;
			productType = "com.apple.product-type.bundle.unit-test";
		};
		AFC44E18259E456500226A8F /* KaleidoscopeUITests */ = {
			isa = PBXNativeTarget;
			buildConfigurationList = AFC44E28259E456500226A8F /* Build configuration list for PBXNativeTarget "KaleidoscopeUITests" */;
			buildPhases = (
				AFC44E15259E456500226A8F /* Sources */,
				AFC44E16259E456500226A8F /* Frameworks */,
				AFC44E17259E456500226A8F /* Resources */,
			);
			buildRules = (
			);
			dependencies = (
				AFC44E1B259E456500226A8F /* PBXTargetDependency */,
			);
			name = KaleidoscopeUITests;
			productName = KaleidoscopeUITests;
			productReference = AFC44E19259E456500226A8F /* KaleidoscopeUITests.xctest */;
			productType = "com.apple.product-type.bundle.ui-testing";
		};
/* End PBXNativeTarget section */

/* Begin PBXProject section */
		AFC44DF0259E456200226A8F /* Project object */ = {
			isa = PBXProject;
			attributes = {
				LastSwiftUpdateCheck = 1230;
				LastUpgradeCheck = 1230;
				TargetAttributes = {
					AFC44DF7259E456200226A8F = {
						CreatedOnToolsVersion = 12.3;
					};
					AFC44E0D259E456500226A8F = {
						CreatedOnToolsVersion = 12.3;
						TestTargetID = AFC44DF7259E456200226A8F;
					};
					AFC44E18259E456500226A8F = {
						CreatedOnToolsVersion = 12.3;
						TestTargetID = AFC44DF7259E456200226A8F;
					};
				};
			};
			buildConfigurationList = AFC44DF3259E456200226A8F /* Build configuration list for PBXProject "Kaleidoscope" */;
			compatibilityVersion = "Xcode 9.3";
			developmentRegion = en;
			hasScannedForEncodings = 0;
			knownRegions = (
				en,
				Base,
			);
			mainGroup = AFC44DEF259E456200226A8F;
			productRefGroup = AFC44DF9259E456200226A8F /* Products */;
			projectDirPath = "";
			projectRoot = "";
			targets = (
				AFC44DF7259E456200226A8F /* Kaleidoscope */,
				AFC44E0D259E456500226A8F /* KaleidoscopeTests */,
				AFC44E18259E456500226A8F /* KaleidoscopeUITests */,
			);
		};
/* End PBXProject section */

/* Begin PBXResourcesBuildPhase section */
		AFC44DF6259E456200226A8F /* Resources */ = {
			isa = PBXResourcesBuildPhase;
			buildActionMask = 2147483647;
			files = (
				AFC44E08259E456500226A8F /* LaunchScreen.storyboard in Resources */,
				AF2A7E3025A0EF1D00FAFE02 /* dot.png in Resources */,
				AFC44E05259E456500226A8F /* Assets.xcassets in Resources */,
				AFC44E03259E456200226A8F /* Main.storyboard in Resources */,
			);
			runOnlyForDeploymentPostprocessing = 0;
		};
		AFC44E0C259E456500226A8F /* Resources */ = {
			isa = PBXResourcesBuildPhase;
			buildActionMask = 2147483647;
			files = (
			);
			runOnlyForDeploymentPostprocessing = 0;
		};
		AFC44E17259E456500226A8F /* Resources */ = {
			isa = PBXResourcesBuildPhase;
			buildActionMask = 2147483647;
			files = (
			);
			runOnlyForDeploymentPostprocessing = 0;
		};
/* End PBXResourcesBuildPhase section */

/* Begin PBXSourcesBuildPhase section */
		AFC44DF4259E456200226A8F /* Sources */ = {
			isa = PBXSourcesBuildPhase;
			buildActionMask = 2147483647;
			files = (
				AFC44E5D259EA60D00226A8F /* Kaleidoscope2Renderer.swift in Sources */,
				AFC44E00259E456200226A8F /* ViewController.swift in Sources */,
				AFC44E6F259EA6B300226A8F /* KaleidoscopeRenderer.swift in Sources */,
				AFC44E37259E5FFD00226A8F /* PreviewMetalView.swift in Sources */,
				AF2A7E17259EAA5000FAFE02 /* PassThroughMetal.metal in Sources */,
				AFC44E3C259E612E00226A8F /* FilterRenderer.swift in Sources */,
				AFC44E2F259E465000226A8F /* CameraViewController.swift in Sources */,
				AFC44DFC259E456200226A8F /* AppDelegate.swift in Sources */,
				AF2A7E12259EAA3D00FAFE02 /* Kaleidoscope.metal in Sources */,
				AF2A7E20259F78B600FAFE02 /* Kaleidoscope2.metal in Sources */,
				AFC44DFE259E456200226A8F /* SceneDelegate.swift in Sources */,
				AF2A7E2525A0165900FAFE02 /* LineSegment.swift in Sources */,
			);
			runOnlyForDeploymentPostprocessing = 0;
		};
		AFC44E0A259E456500226A8F /* Sources */ = {
			isa = PBXSourcesBuildPhase;
			buildActionMask = 2147483647;
			files = (
				AFC44E13259E456500226A8F /* KaleidoscopeTests.swift in Sources */,
			);
			runOnlyForDeploymentPostprocessing = 0;
		};
		AFC44E15259E456500226A8F /* Sources */ = {
			isa = PBXSourcesBuildPhase;
			buildActionMask = 2147483647;
			files = (
				AFC44E1E259E456500226A8F /* KaleidoscopeUITests.swift in Sources */,
			);
			runOnlyForDeploymentPostprocessing = 0;
		};
/* End PBXSourcesBuildPhase section */

/* Begin PBXTargetDependency section */
		AFC44E10259E456500226A8F /* PBXTargetDependency */ = {
			isa = PBXTargetDependency;
			target = AFC44DF7259E456200226A8F /* Kaleidoscope */;
			targetProxy = AFC44E0F259E456500226A8F /* PBXContainerItemProxy */;
		};
		AFC44E1B259E456500226A8F /* PBXTargetDependency */ = {
			isa = PBXTargetDependency;
			target = AFC44DF7259E456200226A8F /* Kaleidoscope */;
			targetProxy = AFC44E1A259E456500226A8F /* PBXContainerItemProxy */;
		};
/* End PBXTargetDependency section */

/* Begin PBXVariantGroup section */
		AFC44E01259E456200226A8F /* Main.storyboard */ = {
			isa = PBXVariantGroup;
			children = (
				AFC44E02259E456200226A8F /* Base */,
			);
			name = Main.storyboard;
			sourceTree = "<group>";
		};
		AFC44E06259E456500226A8F /* LaunchScreen.storyboard */ = {
			isa = PBXVariantGroup;
			children = (
				AFC44E07259E456500226A8F /* Base */,
			);
			name = LaunchScreen.storyboard;
			sourceTree = "<group>";
		};
/* End PBXVariantGroup section */

/* Begin XCBuildConfiguration section */
		AFC44E20259E456500226A8F /* Debug */ = {
			isa = XCBuildConfiguration;
			buildSettings = {
				ALWAYS_SEARCH_USER_PATHS = NO;
				CLANG_ANALYZER_NONNULL = YES;
				CLANG_ANALYZER_NUMBER_OBJECT_CONVERSION = YES_AGGRESSIVE;
				CLANG_CXX_LANGUAGE_STANDARD = "gnu++14";
				CLANG_CXX_LIBRARY = "libc++";
				CLANG_ENABLE_MODULES = YES;
				CLANG_ENABLE_OBJC_ARC = YES;
				CLANG_ENABLE_OBJC_WEAK = YES;
				CLANG_WARN_BLOCK_CAPTURE_AUTORELEASING = YES;
				CLANG_WARN_BOOL_CONVERSION = YES;
				CLANG_WARN_COMMA = YES;
				CLANG_WARN_CONSTANT_CONVERSION = YES;
				CLANG_WARN_DEPRECATED_OBJC_IMPLEMENTATIONS = YES;
				CLANG_WARN_DIRECT_OBJC_ISA_USAGE = YES_ERROR;
				CLANG_WARN_DOCUMENTATION_COMMENTS = YES;
				CLANG_WARN_EMPTY_BODY = YES;
				CLANG_WARN_ENUM_CONVERSION = YES;
				CLANG_WARN_INFINITE_RECURSION = YES;
				CLANG_WARN_INT_CONVERSION = YES;
				CLANG_WARN_NON_LITERAL_NULL_CONVERSION = YES;
				CLANG_WARN_OBJC_IMPLICIT_RETAIN_SELF = YES;
				CLANG_WARN_OBJC_LITERAL_CONVERSION = YES;
				CLANG_WARN_OBJC_ROOT_CLASS = YES_ERROR;
				CLANG_WARN_QUOTED_INCLUDE_IN_FRAMEWORK_HEADER = YES;
				CLANG_WARN_RANGE_LOOP_ANALYSIS = YES;
				CLANG_WARN_STRICT_PROTOTYPES = YES;
				CLANG_WARN_SUSPICIOUS_MOVE = YES;
				CLANG_WARN_UNGUARDED_AVAILABILITY = YES_AGGRESSIVE;
				CLANG_WARN_UNREACHABLE_CODE = YES;
				CLANG_WARN__DUPLICATE_METHOD_MATCH = YES;
				COPY_PHASE_STRIP = NO;
				DEBUG_INFORMATION_FORMAT = dwarf;
				ENABLE_STRICT_OBJC_MSGSEND = YES;
				ENABLE_TESTABILITY = YES;
				GCC_C_LANGUAGE_STANDARD = gnu11;
				GCC_DYNAMIC_NO_PIC = NO;
				GCC_NO_COMMON_BLOCKS = YES;
				GCC_OPTIMIZATION_LEVEL = 0;
				GCC_PREPROCESSOR_DEFINITIONS = (
					"DEBUG=1",
					"$(inherited)",
				);
				GCC_WARN_64_TO_32_BIT_CONVERSION = YES;
				GCC_WARN_ABOUT_RETURN_TYPE = YES_ERROR;
				GCC_WARN_UNDECLARED_SELECTOR = YES;
				GCC_WARN_UNINITIALIZED_AUTOS = YES_AGGRESSIVE;
				GCC_WARN_UNUSED_FUNCTION = YES;
				GCC_WARN_UNUSED_VARIABLE = YES;
				IPHONEOS_DEPLOYMENT_TARGET = 14.3;
				MTL_ENABLE_DEBUG_INFO = INCLUDE_SOURCE;
				MTL_FAST_MATH = YES;
				ONLY_ACTIVE_ARCH = YES;
				SDKROOT = iphoneos;
				SWIFT_ACTIVE_COMPILATION_CONDITIONS = DEBUG;
				SWIFT_OPTIMIZATION_LEVEL = "-Onone";
			};
			name = Debug;
		};
		AFC44E21259E456500226A8F /* Release */ = {
			isa = XCBuildConfiguration;
			buildSettings = {
				ALWAYS_SEARCH_USER_PATHS = NO;
				CLANG_ANALYZER_NONNULL = YES;
				CLANG_ANALYZER_NUMBER_OBJECT_CONVERSION = YES_AGGRESSIVE;
				CLANG_CXX_LANGUAGE_STANDARD = "gnu++14";
				CLANG_CXX_LIBRARY = "libc++";
				CLANG_ENABLE_MODULES = YES;
				CLANG_ENABLE_OBJC_ARC = YES;
				CLANG_ENABLE_OBJC_WEAK = YES;
				CLANG_WARN_BLOCK_CAPTURE_AUTORELEASING = YES;
				CLANG_WARN_BOOL_CONVERSION = YES;
				CLANG_WARN_COMMA = YES;
				CLANG_WARN_CONSTANT_CONVERSION = YES;
				CLANG_WARN_DEPRECATED_OBJC_IMPLEMENTATIONS = YES;
				CLANG_WARN_DIRECT_OBJC_ISA_USAGE = YES_ERROR;
				CLANG_WARN_DOCUMENTATION_COMMENTS = YES;
				CLANG_WARN_EMPTY_BODY = YES;
				CLANG_WARN_ENUM_CONVERSION = YES;
				CLANG_WARN_INFINITE_RECURSION = YES;
				CLANG_WARN_INT_CONVERSION = YES;
				CLANG_WARN_NON_LITERAL_NULL_CONVERSION = YES;
				CLANG_WARN_OBJC_IMPLICIT_RETAIN_SELF = YES;
				CLANG_WARN_OBJC_LITERAL_CONVERSION = YES;
				CLANG_WARN_OBJC_ROOT_CLASS = YES_ERROR;
				CLANG_WARN_QUOTED_INCLUDE_IN_FRAMEWORK_HEADER = YES;
				CLANG_WARN_RANGE_LOOP_ANALYSIS = YES;
				CLANG_WARN_STRICT_PROTOTYPES = YES;
				CLANG_WARN_SUSPICIOUS_MOVE = YES;
				CLANG_WARN_UNGUARDED_AVAILABILITY = YES_AGGRESSIVE;
				CLANG_WARN_UNREACHABLE_CODE = YES;
				CLANG_WARN__DUPLICATE_METHOD_MATCH = YES;
				COPY_PHASE_STRIP = NO;
				DEBUG_INFORMATION_FORMAT = "dwarf-with-dsym";
				ENABLE_NS_ASSERTIONS = NO;
				ENABLE_STRICT_OBJC_MSGSEND = YES;
				GCC_C_LANGUAGE_STANDARD = gnu11;
				GCC_NO_COMMON_BLOCKS = YES;
				GCC_WARN_64_TO_32_BIT_CONVERSION = YES;
				GCC_WARN_ABOUT_RETURN_TYPE = YES_ERROR;
				GCC_WARN_UNDECLARED_SELECTOR = YES;
				GCC_WARN_UNINITIALIZED_AUTOS = YES_AGGRESSIVE;
				GCC_WARN_UNUSED_FUNCTION = YES;
				GCC_WARN_UNUSED_VARIABLE = YES;
				IPHONEOS_DEPLOYMENT_TARGET = 14.3;
				MTL_ENABLE_DEBUG_INFO = NO;
				MTL_FAST_MATH = YES;
				SDKROOT = iphoneos;
				SWIFT_COMPILATION_MODE = wholemodule;
				SWIFT_OPTIMIZATION_LEVEL = "-O";
				VALIDATE_PRODUCT = YES;
			};
			name = Release;
		};
		AFC44E23259E456500226A8F /* Debug */ = {
			isa = XCBuildConfiguration;
			buildSettings = {
				ASSETCATALOG_COMPILER_APPICON_NAME = AppIcon;
				ASSETCATALOG_COMPILER_GLOBAL_ACCENT_COLOR_NAME = AccentColor;
				CODE_SIGN_STYLE = Automatic;
				DEVELOPMENT_TEAM = 88NN72C8BC;
				INFOPLIST_FILE = Kaleidoscope/Info.plist;
				IPHONEOS_DEPLOYMENT_TARGET = 14.2;
				LD_RUNPATH_SEARCH_PATHS = (
					"$(inherited)",
					"@executable_path/Frameworks",
				);
				PRODUCT_BUNDLE_IDENTIFIER = spor.Kaleidoscope;
				PRODUCT_NAME = "$(TARGET_NAME)";
				SWIFT_VERSION = 5.0;
				TARGETED_DEVICE_FAMILY = "1,2";
			};
			name = Debug;
		};
		AFC44E24259E456500226A8F /* Release */ = {
			isa = XCBuildConfiguration;
			buildSettings = {
				ASSETCATALOG_COMPILER_APPICON_NAME = AppIcon;
				ASSETCATALOG_COMPILER_GLOBAL_ACCENT_COLOR_NAME = AccentColor;
				CODE_SIGN_STYLE = Automatic;
				DEVELOPMENT_TEAM = 88NN72C8BC;
				INFOPLIST_FILE = Kaleidoscope/Info.plist;
				IPHONEOS_DEPLOYMENT_TARGET = 14.2;
				LD_RUNPATH_SEARCH_PATHS = (
					"$(inherited)",
					"@executable_path/Frameworks",
				);
				PRODUCT_BUNDLE_IDENTIFIER = spor.Kaleidoscope;
				PRODUCT_NAME = "$(TARGET_NAME)";
				SWIFT_VERSION = 5.0;
				TARGETED_DEVICE_FAMILY = "1,2";
			};
			name = Release;
		};
		AFC44E26259E456500226A8F /* Debug */ = {
			isa = XCBuildConfiguration;
			buildSettings = {
				ALWAYS_EMBED_SWIFT_STANDARD_LIBRARIES = YES;
				BUNDLE_LOADER = "$(TEST_HOST)";
				CODE_SIGN_STYLE = Automatic;
				DEVELOPMENT_TEAM = 88NN72C8BC;
				INFOPLIST_FILE = KaleidoscopeTests/Info.plist;
				IPHONEOS_DEPLOYMENT_TARGET = 14.3;
				LD_RUNPATH_SEARCH_PATHS = (
					"$(inherited)",
					"@executable_path/Frameworks",
					"@loader_path/Frameworks",
				);
				PRODUCT_BUNDLE_IDENTIFIER = spor.KaleidoscopeTests;
				PRODUCT_NAME = "$(TARGET_NAME)";
				SWIFT_VERSION = 5.0;
				TARGETED_DEVICE_FAMILY = "1,2";
				TEST_HOST = "$(BUILT_PRODUCTS_DIR)/Kaleidoscope.app/Kaleidoscope";
			};
			name = Debug;
		};
		AFC44E27259E456500226A8F /* Release */ = {
			isa = XCBuildConfiguration;
			buildSettings = {
				ALWAYS_EMBED_SWIFT_STANDARD_LIBRARIES = YES;
				BUNDLE_LOADER = "$(TEST_HOST)";
				CODE_SIGN_STYLE = Automatic;
				DEVELOPMENT_TEAM = 88NN72C8BC;
				INFOPLIST_FILE = KaleidoscopeTests/Info.plist;
				IPHONEOS_DEPLOYMENT_TARGET = 14.3;
				LD_RUNPATH_SEARCH_PATHS = (
					"$(inherited)",
					"@executable_path/Frameworks",
					"@loader_path/Frameworks",
				);
				PRODUCT_BUNDLE_IDENTIFIER = spor.KaleidoscopeTests;
				PRODUCT_NAME = "$(TARGET_NAME)";
				SWIFT_VERSION = 5.0;
				TARGETED_DEVICE_FAMILY = "1,2";
				TEST_HOST = "$(BUILT_PRODUCTS_DIR)/Kaleidoscope.app/Kaleidoscope";
			};
			name = Release;
		};
		AFC44E29259E456500226A8F /* Debug */ = {
			isa = XCBuildConfiguration;
			buildSettings = {
				ALWAYS_EMBED_SWIFT_STANDARD_LIBRARIES = YES;
				CODE_SIGN_STYLE = Automatic;
				DEVELOPMENT_TEAM = 88NN72C8BC;
				INFOPLIST_FILE = KaleidoscopeUITests/Info.plist;
				LD_RUNPATH_SEARCH_PATHS = (
					"$(inherited)",
					"@executable_path/Frameworks",
					"@loader_path/Frameworks",
				);
				PRODUCT_BUNDLE_IDENTIFIER = spor.KaleidoscopeUITests;
				PRODUCT_NAME = "$(TARGET_NAME)";
				SWIFT_VERSION = 5.0;
				TARGETED_DEVICE_FAMILY = "1,2";
				TEST_TARGET_NAME = Kaleidoscope;
			};
			name = Debug;
		};
		AFC44E2A259E456500226A8F /* Release */ = {
			isa = XCBuildConfiguration;
			buildSettings = {
				ALWAYS_EMBED_SWIFT_STANDARD_LIBRARIES = YES;
				CODE_SIGN_STYLE = Automatic;
				DEVELOPMENT_TEAM = 88NN72C8BC;
				INFOPLIST_FILE = KaleidoscopeUITests/Info.plist;
				LD_RUNPATH_SEARCH_PATHS = (
					"$(inherited)",
					"@executable_path/Frameworks",
					"@loader_path/Frameworks",
				);
				PRODUCT_BUNDLE_IDENTIFIER = spor.KaleidoscopeUITests;
				PRODUCT_NAME = "$(TARGET_NAME)";
				SWIFT_VERSION = 5.0;
				TARGETED_DEVICE_FAMILY = "1,2";
				TEST_TARGET_NAME = Kaleidoscope;
			};
			name = Release;
		};
/* End XCBuildConfiguration section */

/* Begin XCConfigurationList section */
		AFC44DF3259E456200226A8F /* Build configuration list for PBXProject "Kaleidoscope" */ = {
			isa = XCConfigurationList;
			buildConfigurations = (
				AFC44E20259E456500226A8F /* Debug */,
				AFC44E21259E456500226A8F /* Release */,
			);
			defaultConfigurationIsVisible = 0;
			defaultConfigurationName = Release;
		};
		AFC44E22259E456500226A8F /* Build configuration list for PBXNativeTarget "Kaleidoscope" */ = {
			isa = XCConfigurationList;
			buildConfigurations = (
				AFC44E23259E456500226A8F /* Debug */,
				AFC44E24259E456500226A8F /* Release */,
			);
			defaultConfigurationIsVisible = 0;
			defaultConfigurationName = Release;
		};
		AFC44E25259E456500226A8F /* Build configuration list for PBXNativeTarget "KaleidoscopeTests" */ = {
			isa = XCConfigurationList;
			buildConfigurations = (
				AFC44E26259E456500226A8F /* Debug */,
				AFC44E27259E456500226A8F /* Release */,
			);
			defaultConfigurationIsVisible = 0;
			defaultConfigurationName = Release;
		};
		AFC44E28259E456500226A8F /* Build configuration list for PBXNativeTarget "KaleidoscopeUITests" */ = {
			isa = XCConfigurationList;
			buildConfigurations = (
				AFC44E29259E456500226A8F /* Debug */,
				AFC44E2A259E456500226A8F /* Release */,
			);
			defaultConfigurationIsVisible = 0;
			defaultConfigurationName = Release;
		};
/* End XCConfigurationList section */
	};
	rootObject = AFC44DF0259E456200226A8F /* Project object */;
}
